
Microsoft Visual Studio Solution File, Format Version 12.00
Project("{FAE04EC0-301F-11D3-BF4B-00C04F79EFBC}") = "HelloWorld", "HelloWorld\HelloWorld.csproj", "{C5684DCB-93E9-4A3F-A079-B6E2116036A3}"
EndProject
Project("{FAE04EC0-301F-11D3-BF4B-00C04F79EFBC}") = "Lumiukko", "Lumiukko\Lumiukko.csproj", "{6780EF87-CB2D-4729-8473-2761FF100494}"
EndProject
Global
	GlobalSection(SolutionConfigurationPlatforms) = preSolution
		Debug|Any CPU = Debug|Any CPU
		Release|Any CPU = Release|Any CPU
	EndGlobalSection
	GlobalSection(ProjectConfigurationPlatforms) = postSolution
		{C5684DCB-93E9-4A3F-A079-B6E2116036A3}.Debug|Any CPU.ActiveCfg = Debug|Any CPU
		{C5684DCB-93E9-4A3F-A079-B6E2116036A3}.Debug|Any CPU.Build.0 = Debug|Any CPU
		{C5684DCB-93E9-4A3F-A079-B6E2116036A3}.Release|Any CPU.ActiveCfg = Release|Any CPU
		{C5684DCB-93E9-4A3F-A079-B6E2116036A3}.Release|Any CPU.Build.0 = Release|Any CPU
		{6780EF87-CB2D-4729-8473-2761FF100494}.Debug|Any CPU.ActiveCfg = Debug|Any CPU
		{6780EF87-CB2D-4729-8473-2761FF100494}.Debug|Any CPU.Build.0 = Debug|Any CPU
		{6780EF87-CB2D-4729-8473-2761FF100494}.Release|Any CPU.ActiveCfg = Release|Any CPU
		{6780EF87-CB2D-4729-8473-2761FF100494}.Release|Any CPU.Build.0 = Release|Any CPU
	EndGlobalSection
EndGlobal
